
Microsoft Visual Studio Solution File, Format Version 12.00
# Visual Studio Version 16
VisualStudioVersion = 16.0.30611.23
MinimumVisualStudioVersion = 10.0.40219.1
Project("{9A19103F-16F7-4668-BE54-9A1E7A4F7556}") = "tapeStream.Client", "tapeStream\Client\tapeStream.Client.csproj", "{99904DE7-B222-4347-AA13-32B352E70372}"
EndProject
Project("{9A19103F-16F7-4668-BE54-9A1E7A4F7556}") = "tapeStream.Shared", "tapeStream\Shared\tapeStream.Shared.csproj", "{7FFBD3A4-499C-49E5-BFCC-9B086B5D12E0}"
EndProject
Project("{9A19103F-16F7-4668-BE54-9A1E7A4F7556}") = "tapeStream.Host", "tapeStream\Host\tapeStream.Host.csproj", "{3E4E81F2-115D-4EC0-8BF7-EC7EF5E613A4}"
EndProject
Project("{9A19103F-16F7-4668-BE54-9A1E7A4F7556}") = "Alpaca.Markets", "..\..\..\alpaca-trade-api-csharp\Alpaca.Markets\Alpaca.Markets.csproj", "{411E9ADB-995B-4AFD-8494-D74BF6204EC8}"
EndProject
Project("{9A19103F-16F7-4668-BE54-9A1E7A4F7556}") = "Alpaca.Markets.Extensions", "..\..\..\alpaca-trade-api-csharp\Alpaca.Markets.Extensions\Alpaca.Markets.Extensions.csproj", "{667454B3-3349-4AF4-80DC-523F7588A14F}"
EndProject
Project("{9A19103F-16F7-4668-BE54-9A1E7A4F7556}") = "UsageExamples", "..\..\..\alpaca-trade-api-csharp\UsageExamples\UsageExamples.csproj", "{631B4401-6C60-4245-95BC-BFC47A41FA81}"
EndProject
Project("{9A19103F-16F7-4668-BE54-9A1E7A4F7556}") = "JSconsoleExtensionsLib", "..\Components\JSconsoleExtension\JSconsoleExtension\JSconsoleExtensionsLib.csproj", "{A808E7D9-EB7F-4744-BC1E-BC5C7DDAB360}"
EndProject
Global
	GlobalSection(SolutionConfigurationPlatforms) = preSolution
		Debug|Any CPU = Debug|Any CPU
		Release|Any CPU = Release|Any CPU
	EndGlobalSection
	GlobalSection(ProjectConfigurationPlatforms) = postSolution
		{99904DE7-B222-4347-AA13-32B352E70372}.Debug|Any CPU.ActiveCfg = Debug|Any CPU
		{99904DE7-B222-4347-AA13-32B352E70372}.Debug|Any CPU.Build.0 = Debug|Any CPU
		{99904DE7-B222-4347-AA13-32B352E70372}.Release|Any CPU.ActiveCfg = Release|Any CPU
		{99904DE7-B222-4347-AA13-32B352E70372}.Release|Any CPU.Build.0 = Release|Any CPU
		{7FFBD3A4-499C-49E5-BFCC-9B086B5D12E0}.Debug|Any CPU.ActiveCfg = Debug|Any CPU
		{7FFBD3A4-499C-49E5-BFCC-9B086B5D12E0}.Debug|Any CPU.Build.0 = Debug|Any CPU
		{7FFBD3A4-499C-49E5-BFCC-9B086B5D12E0}.Release|Any CPU.ActiveCfg = Release|Any CPU
		{7FFBD3A4-499C-49E5-BFCC-9B086B5D12E0}.Release|Any CPU.Build.0 = Release|Any CPU
		{3E4E81F2-115D-4EC0-8BF7-EC7EF5E613A4}.Debug|Any CPU.ActiveCfg = Debug|Any CPU
		{3E4E81F2-115D-4EC0-8BF7-EC7EF5E613A4}.Debug|Any CPU.Build.0 = Debug|Any CPU
		{3E4E81F2-115D-4EC0-8BF7-EC7EF5E613A4}.Release|Any CPU.ActiveCfg = Release|Any CPU
		{3E4E81F2-115D-4EC0-8BF7-EC7EF5E613A4}.Release|Any CPU.Build.0 = Release|Any CPU
		{411E9ADB-995B-4AFD-8494-D74BF6204EC8}.Debug|Any CPU.ActiveCfg = Debug|Any CPU
		{411E9ADB-995B-4AFD-8494-D74BF6204EC8}.Release|Any CPU.ActiveCfg = Release|Any CPU
		{411E9ADB-995B-4AFD-8494-D74BF6204EC8}.Release|Any CPU.Build.0 = Release|Any CPU
		{667454B3-3349-4AF4-80DC-523F7588A14F}.Debug|Any CPU.ActiveCfg = Debug|Any CPU
		{667454B3-3349-4AF4-80DC-523F7588A14F}.Release|Any CPU.ActiveCfg = Release|Any CPU
		{667454B3-3349-4AF4-80DC-523F7588A14F}.Release|Any CPU.Build.0 = Release|Any CPU
		{631B4401-6C60-4245-95BC-BFC47A41FA81}.Debug|Any CPU.ActiveCfg = Debug|Any CPU
		{631B4401-6C60-4245-95BC-BFC47A41FA81}.Release|Any CPU.ActiveCfg = Release|Any CPU
		{A808E7D9-EB7F-4744-BC1E-BC5C7DDAB360}.Debug|Any CPU.ActiveCfg = Debug|Any CPU
		{A808E7D9-EB7F-4744-BC1E-BC5C7DDAB360}.Release|Any CPU.ActiveCfg = Release|Any CPU
		{A808E7D9-EB7F-4744-BC1E-BC5C7DDAB360}.Release|Any CPU.Build.0 = Release|Any CPU
	EndGlobalSection
	GlobalSection(SolutionProperties) = preSolution
		HideSolutionNode = FALSE
	EndGlobalSection
	GlobalSection(ExtensibilityGlobals) = postSolution
		SolutionGuid = {A220A0AC-CF9E-4F32-AD31-C7EBAD6EE228}
	EndGlobalSection
EndGlobal
