
Microsoft Visual Studio Solution File, Format Version 12.00
# Visual Studio Version 16
VisualStudioVersion = 16.0.30611.23
MinimumVisualStudioVersion = 10.0.40219.1
Project("{9A19103F-16F7-4668-BE54-9A1E7A4F7556}") = "tapeStream.Client", "tapeStream\Client\tapeStream.Client.csproj", "{99904DE7-B222-4347-AA13-32B352E70372}"
EndProject
Project("{9A19103F-16F7-4668-BE54-9A1E7A4F7556}") = "tapeStream.Shared", "tapeStream\Shared\tapeStream.Shared.csproj", "{B75BD078-5687-45E7-8EE1-179DE9A14E29}"
EndProject
Project("{9A19103F-16F7-4668-BE54-9A1E7A4F7556}") = "tapeStream.Server", "tapeStream\Server\tapeStream.Server.csproj", "{476BFDC5-DE96-45ED-A7C6-FC627A00B000}"
EndProject
Project("{9A19103F-16F7-4668-BE54-9A1E7A4F7556}") = "HighchartsUsingBlazor", "..\..\HighCharts\HighchartsUsingBlazor\HighchartsUsingBlazor.csproj", "{D559F4E9-011E-4BBA-AFED-85713D98FFB6}"
EndProject
Project("{9A19103F-16F7-4668-BE54-9A1E7A4F7556}") = "BlazorTrader", "..\..\BlazorTrader\BlazorTrader.csproj", "{834F17A9-F536-4272-BD63-293AEDAC22DB}"
EndProject
Project("{9A19103F-16F7-4668-BE54-9A1E7A4F7556}") = "Blazor.HighCharts", "..\..\Libaries\HighCharts\Blazor.HighCharts\Blazor.HighCharts.csproj", "{2A52A773-8D90-42B1-9417-AC48577B0C5E}"
EndProject
Project("{FAE04EC0-301F-11D3-BF4B-00C04F79EFBC}") = "HighCharts.Charts.Basic", "..\Components\HighCharts\HighCharts.Charts.Basic\HighCharts.Charts.Basic.csproj", "{F9A443F4-FD96-4581-95D9-0DB83DF60FE8}"
EndProject
Global
	GlobalSection(SolutionConfigurationPlatforms) = preSolution
		Debug|Any CPU = Debug|Any CPU
		Release|Any CPU = Release|Any CPU
	EndGlobalSection
	GlobalSection(ProjectConfigurationPlatforms) = postSolution
		{99904DE7-B222-4347-AA13-32B352E70372}.Debug|Any CPU.ActiveCfg = Debug|Any CPU
		{99904DE7-B222-4347-AA13-32B352E70372}.Debug|Any CPU.Build.0 = Debug|Any CPU
		{99904DE7-B222-4347-AA13-32B352E70372}.Release|Any CPU.ActiveCfg = Release|Any CPU
		{99904DE7-B222-4347-AA13-32B352E70372}.Release|Any CPU.Build.0 = Release|Any CPU
		{B75BD078-5687-45E7-8EE1-179DE9A14E29}.Debug|Any CPU.ActiveCfg = Debug|Any CPU
		{B75BD078-5687-45E7-8EE1-179DE9A14E29}.Debug|Any CPU.Build.0 = Debug|Any CPU
		{B75BD078-5687-45E7-8EE1-179DE9A14E29}.Release|Any CPU.ActiveCfg = Release|Any CPU
		{B75BD078-5687-45E7-8EE1-179DE9A14E29}.Release|Any CPU.Build.0 = Release|Any CPU
		{476BFDC5-DE96-45ED-A7C6-FC627A00B000}.Debug|Any CPU.ActiveCfg = Debug|Any CPU
		{476BFDC5-DE96-45ED-A7C6-FC627A00B000}.Debug|Any CPU.Build.0 = Debug|Any CPU
		{476BFDC5-DE96-45ED-A7C6-FC627A00B000}.Release|Any CPU.ActiveCfg = Release|Any CPU
		{476BFDC5-DE96-45ED-A7C6-FC627A00B000}.Release|Any CPU.Build.0 = Release|Any CPU
		{D559F4E9-011E-4BBA-AFED-85713D98FFB6}.Debug|Any CPU.ActiveCfg = Debug|Any CPU
		{D559F4E9-011E-4BBA-AFED-85713D98FFB6}.Debug|Any CPU.Build.0 = Debug|Any CPU
		{D559F4E9-011E-4BBA-AFED-85713D98FFB6}.Release|Any CPU.ActiveCfg = Release|Any CPU
		{D559F4E9-011E-4BBA-AFED-85713D98FFB6}.Release|Any CPU.Build.0 = Release|Any CPU
		{834F17A9-F536-4272-BD63-293AEDAC22DB}.Debug|Any CPU.ActiveCfg = Debug|Any CPU
		{834F17A9-F536-4272-BD63-293AEDAC22DB}.Debug|Any CPU.Build.0 = Debug|Any CPU
		{834F17A9-F536-4272-BD63-293AEDAC22DB}.Release|Any CPU.ActiveCfg = Release|Any CPU
		{834F17A9-F536-4272-BD63-293AEDAC22DB}.Release|Any CPU.Build.0 = Release|Any CPU
		{2A52A773-8D90-42B1-9417-AC48577B0C5E}.Debug|Any CPU.ActiveCfg = Debug|Any CPU
		{2A52A773-8D90-42B1-9417-AC48577B0C5E}.Debug|Any CPU.Build.0 = Debug|Any CPU
		{2A52A773-8D90-42B1-9417-AC48577B0C5E}.Release|Any CPU.ActiveCfg = Release|Any CPU
		{2A52A773-8D90-42B1-9417-AC48577B0C5E}.Release|Any CPU.Build.0 = Release|Any CPU
		{F9A443F4-FD96-4581-95D9-0DB83DF60FE8}.Debug|Any CPU.ActiveCfg = Debug|Any CPU
		{F9A443F4-FD96-4581-95D9-0DB83DF60FE8}.Debug|Any CPU.Build.0 = Debug|Any CPU
		{F9A443F4-FD96-4581-95D9-0DB83DF60FE8}.Release|Any CPU.ActiveCfg = Release|Any CPU
		{F9A443F4-FD96-4581-95D9-0DB83DF60FE8}.Release|Any CPU.Build.0 = Release|Any CPU
	EndGlobalSection
	GlobalSection(SolutionProperties) = preSolution
		HideSolutionNode = FALSE
	EndGlobalSection
	GlobalSection(ExtensibilityGlobals) = postSolution
		SolutionGuid = {A220A0AC-CF9E-4F32-AD31-C7EBAD6EE228}
	EndGlobalSection
EndGlobal
